// !$*UTF8*$!
{
	archiveVersion = 1;
	classes = {
	};
	objectVersion = 46;
	objects = {

/* Begin PBXBuildFile section */
		071E53D21B47CCF20078A508 /* DropboxLoader.swift in Sources */ = {isa = PBXBuildFile; fileRef = 071E53D11B47CCF20078A508 /* DropboxLoader.swift */; };
		073FC9DD1B40AAFB00EF316D /* CaptureUtilities.swift in Sources */ = {isa = PBXBuildFile; fileRef = 073FC9DC1B40AAFB00EF316D /* CaptureUtilities.swift */; };
		074036131B3F71090098A404 /* AppDelegate.swift in Sources */ = {isa = PBXBuildFile; fileRef = 074036121B3F71090098A404 /* AppDelegate.swift */; };
		074036151B3F71090098A404 /* Images.xcassets in Resources */ = {isa = PBXBuildFile; fileRef = 074036141B3F71090098A404 /* Images.xcassets */; };
		074036181B3F71090098A404 /* MainMenu.xib in Resources */ = {isa = PBXBuildFile; fileRef = 074036161B3F71090098A404 /* MainMenu.xib */; };
		074036241B3F71090098A404 /* ScreenotateTests.swift in Sources */ = {isa = PBXBuildFile; fileRef = 074036231B3F71090098A404 /* ScreenotateTests.swift */; };
		0740362E1B3F740E0098A404 /* CaptureSelectionWindow.swift in Sources */ = {isa = PBXBuildFile; fileRef = 0740362D1B3F740E0098A404 /* CaptureSelectionWindow.swift */; };
		074036301B3F7C560098A404 /* CaptureSelectionView.swift in Sources */ = {isa = PBXBuildFile; fileRef = 0740362F1B3F7C560098A404 /* CaptureSelectionView.swift */; };
		074036321B3F84420098A404 /* CaptureSelectionController.swift in Sources */ = {isa = PBXBuildFile; fileRef = 074036311B3F84420098A404 /* CaptureSelectionController.swift */; };
		075ED2981B5A48DC00B04B51 /* tessdata in Resources */ = {isa = PBXBuildFile; fileRef = 075ED2971B5A48DC00B04B51 /* tessdata */; };
		07AC58381B5393E600B1C61E /* MozRepl.swift in Sources */ = {isa = PBXBuildFile; fileRef = 07AC58371B5393E600B1C61E /* MozRepl.swift */; };
		07C8F4C41B4769EB00922F85 /* OAuth2.framework in Frameworks */ = {isa = PBXBuildFile; fileRef = 07C8F4B51B47693600922F85 /* OAuth2.framework */; };
		07C8F4C51B4769EB00922F85 /* OAuth2.framework in Embed Frameworks */ = {isa = PBXBuildFile; fileRef = 07C8F4B51B47693600922F85 /* OAuth2.framework */; settings = {ATTRIBUTES = (CodeSignOnCopy, RemoveHeadersOnCopy, ); }; };
		07C8F4C81B4769EB00922F85 /* MASShortcut.framework in Frameworks */ = {isa = PBXBuildFile; fileRef = 07C8F4AC1B47693600922F85 /* MASShortcut.framework */; };
		07C8F4C91B4769EB00922F85 /* MASShortcut.framework in Embed Frameworks */ = {isa = PBXBuildFile; fileRef = 07C8F4AC1B47693600922F85 /* MASShortcut.framework */; settings = {ATTRIBUTES = (CodeSignOnCopy, RemoveHeadersOnCopy, ); }; };
		07CD336A1B59E90D00C26757 /* tesseract in Resources */ = {isa = PBXBuildFile; fileRef = 07CD33691B59E90D00C26757 /* tesseract */; };
		07CD33701B59EA2400C26757 /* Tesseract.swift in Sources */ = {isa = PBXBuildFile; fileRef = 07CD336F1B59EA2400C26757 /* Tesseract.swift */; };
/* End PBXBuildFile section */

/* Begin PBXContainerItemProxy section */
		0740361E1B3F71090098A404 /* PBXContainerItemProxy */ = {
			isa = PBXContainerItemProxy;
			containerPortal = 074036051B3F71090098A404 /* Project object */;
			proxyType = 1;
			remoteGlobalIDString = 0740360C1B3F71090098A404;
			remoteInfo = Screenotate;
		};
		07C8F4AB1B47693600922F85 /* PBXContainerItemProxy */ = {
			isa = PBXContainerItemProxy;
			containerPortal = 07C8F4A51B47693600922F85 /* MASShortcut.xcodeproj */;
			proxyType = 2;
			remoteGlobalIDString = 0D827CD31990D4420010B8EF;
			remoteInfo = MASShortcut;
		};
		07C8F4AD1B47693600922F85 /* PBXContainerItemProxy */ = {
			isa = PBXContainerItemProxy;
			containerPortal = 07C8F4A51B47693600922F85 /* MASShortcut.xcodeproj */;
			proxyType = 2;
			remoteGlobalIDString = 0D827D8319910AFF0010B8EF;
			remoteInfo = MASShortcutTests;
		};
		07C8F4AF1B47693600922F85 /* PBXContainerItemProxy */ = {
			isa = PBXContainerItemProxy;
			containerPortal = 07C8F4A51B47693600922F85 /* MASShortcut.xcodeproj */;
			proxyType = 2;
			remoteGlobalIDString = 0D827D371990D5E70010B8EF;
			remoteInfo = Demo;
		};
		07C8F4B41B47693600922F85 /* PBXContainerItemProxy */ = {
			isa = PBXContainerItemProxy;
			containerPortal = 07C8F4A21B47693600922F85 /* OAuth2.xcodeproj */;
			proxyType = 2;
			remoteGlobalIDString = EEE209471942772800736F1A;
			remoteInfo = OAuth2;
		};
		07C8F4B61B47693600922F85 /* PBXContainerItemProxy */ = {
			isa = PBXContainerItemProxy;
			containerPortal = 07C8F4A21B47693600922F85 /* OAuth2.xcodeproj */;
			proxyType = 2;
			remoteGlobalIDString = EEDB8624193FAAE500C4EEA1;
			remoteInfo = OAuth2iOS;
		};
		07C8F4B81B47693600922F85 /* PBXContainerItemProxy */ = {
			isa = PBXContainerItemProxy;
			containerPortal = 07C8F4A21B47693600922F85 /* OAuth2.xcodeproj */;
			proxyType = 2;
			remoteGlobalIDString = EEE209A219427DFE00736F1A;
			remoteInfo = OAuth2Tests;
		};
		07C8F4BA1B47695100922F85 /* PBXContainerItemProxy */ = {
			isa = PBXContainerItemProxy;
			containerPortal = 07C8F4A51B47693600922F85 /* MASShortcut.xcodeproj */;
			proxyType = 1;
			remoteGlobalIDString = 0D827CD21990D4420010B8EF;
			remoteInfo = MASShortcut;
		};
		07C8F4BC1B47695400922F85 /* PBXContainerItemProxy */ = {
			isa = PBXContainerItemProxy;
			containerPortal = 07C8F4A21B47693600922F85 /* OAuth2.xcodeproj */;
			proxyType = 1;
			remoteGlobalIDString = EEE209461942772800736F1A;
			remoteInfo = OAuth2;
		};
		07C8F4C61B4769EB00922F85 /* PBXContainerItemProxy */ = {
			isa = PBXContainerItemProxy;
			containerPortal = 07C8F4A21B47693600922F85 /* OAuth2.xcodeproj */;
			proxyType = 1;
			remoteGlobalIDString = EEE209461942772800736F1A;
			remoteInfo = OAuth2;
		};
		07C8F4CA1B4769EB00922F85 /* PBXContainerItemProxy */ = {
			isa = PBXContainerItemProxy;
			containerPortal = 07C8F4A51B47693600922F85 /* MASShortcut.xcodeproj */;
			proxyType = 1;
			remoteGlobalIDString = 0D827CD21990D4420010B8EF;
			remoteInfo = MASShortcut;
		};
/* End PBXContainerItemProxy section */

/* Begin PBXCopyFilesBuildPhase section */
		07C8F4CC1B4769EB00922F85 /* Embed Frameworks */ = {
			isa = PBXCopyFilesBuildPhase;
			buildActionMask = 2147483647;
			dstPath = "";
			dstSubfolderSpec = 10;
			files = (
				07C8F4C91B4769EB00922F85 /* MASShortcut.framework in Embed Frameworks */,
				07C8F4C51B4769EB00922F85 /* OAuth2.framework in Embed Frameworks */,
			);
			name = "Embed Frameworks";
			runOnlyForDeploymentPostprocessing = 0;
		};
/* End PBXCopyFilesBuildPhase section */

/* Begin PBXFileReference section */
		071E53D01B47C1020078A508 /* Keys.h */ = {isa = PBXFileReference; lastKnownFileType = sourcecode.c.h; path = Keys.h; sourceTree = "<group>"; };
		071E53D11B47CCF20078A508 /* DropboxLoader.swift */ = {isa = PBXFileReference; fileEncoding = 4; lastKnownFileType = sourcecode.swift; path = DropboxLoader.swift; sourceTree = "<group>"; };
		073FC9DC1B40AAFB00EF316D /* CaptureUtilities.swift */ = {isa = PBXFileReference; fileEncoding = 4; lastKnownFileType = sourcecode.swift; path = CaptureUtilities.swift; sourceTree = "<group>"; };
		0740360D1B3F71090098A404 /* Screenotate.app */ = {isa = PBXFileReference; explicitFileType = wrapper.application; includeInIndex = 0; path = Screenotate.app; sourceTree = BUILT_PRODUCTS_DIR; };
		074036111B3F71090098A404 /* Info.plist */ = {isa = PBXFileReference; lastKnownFileType = text.plist.xml; path = Info.plist; sourceTree = "<group>"; };
		074036121B3F71090098A404 /* AppDelegate.swift */ = {isa = PBXFileReference; lastKnownFileType = sourcecode.swift; path = AppDelegate.swift; sourceTree = "<group>"; };
		074036141B3F71090098A404 /* Images.xcassets */ = {isa = PBXFileReference; lastKnownFileType = folder.assetcatalog; path = Images.xcassets; sourceTree = "<group>"; };
		074036171B3F71090098A404 /* Base */ = {isa = PBXFileReference; lastKnownFileType = file.xib; name = Base; path = Base.lproj/MainMenu.xib; sourceTree = "<group>"; };
		0740361D1B3F71090098A404 /* ScreenotateTests.xctest */ = {isa = PBXFileReference; explicitFileType = wrapper.cfbundle; includeInIndex = 0; path = ScreenotateTests.xctest; sourceTree = BUILT_PRODUCTS_DIR; };
		074036221B3F71090098A404 /* Info.plist */ = {isa = PBXFileReference; lastKnownFileType = text.plist.xml; path = Info.plist; sourceTree = "<group>"; };
		074036231B3F71090098A404 /* ScreenotateTests.swift */ = {isa = PBXFileReference; lastKnownFileType = sourcecode.swift; path = ScreenotateTests.swift; sourceTree = "<group>"; };
		0740362D1B3F740E0098A404 /* CaptureSelectionWindow.swift */ = {isa = PBXFileReference; fileEncoding = 4; lastKnownFileType = sourcecode.swift; path = CaptureSelectionWindow.swift; sourceTree = "<group>"; };
		0740362F1B3F7C560098A404 /* CaptureSelectionView.swift */ = {isa = PBXFileReference; fileEncoding = 4; lastKnownFileType = sourcecode.swift; path = CaptureSelectionView.swift; sourceTree = "<group>"; };
		074036311B3F84420098A404 /* CaptureSelectionController.swift */ = {isa = PBXFileReference; fileEncoding = 4; lastKnownFileType = sourcecode.swift; path = CaptureSelectionController.swift; sourceTree = "<group>"; };
		075ED2971B5A48DC00B04B51 /* tessdata */ = {isa = PBXFileReference; lastKnownFileType = folder; name = tessdata; path = tesseract/tessdata; sourceTree = SOURCE_ROOT; };
		07AC58371B5393E600B1C61E /* MozRepl.swift */ = {isa = PBXFileReference; fileEncoding = 4; lastKnownFileType = sourcecode.swift; path = MozRepl.swift; sourceTree = "<group>"; };
		07C8F4A21B47693600922F85 /* OAuth2.xcodeproj */ = {isa = PBXFileReference; lastKnownFileType = "wrapper.pb-project"; name = OAuth2.xcodeproj; path = OAuth2/OAuth2.xcodeproj; sourceTree = "<group>"; };
		07C8F4A51B47693600922F85 /* MASShortcut.xcodeproj */ = {isa = PBXFileReference; lastKnownFileType = "wrapper.pb-project"; name = MASShortcut.xcodeproj; path = MASShortcut/MASShortcut.xcodeproj; sourceTree = "<group>"; };
		07CD33691B59E90D00C26757 /* tesseract */ = {isa = PBXFileReference; lastKnownFileType = "compiled.mach-o.executable"; name = tesseract; path = tesseract/api/tesseract; sourceTree = SOURCE_ROOT; };
		07CD336F1B59EA2400C26757 /* Tesseract.swift */ = {isa = PBXFileReference; fileEncoding = 4; lastKnownFileType = sourcecode.swift; path = Tesseract.swift; sourceTree = "<group>"; };
		07D2E07C1B3F9C5500D0F9E8 /* Bridging-Header.h */ = {isa = PBXFileReference; lastKnownFileType = sourcecode.c.h; path = "Bridging-Header.h"; sourceTree = "<group>"; };
		E3AE754F54731E1BBABC9482 /* Pods_Screenotate.framework */ = {isa = PBXFileReference; explicitFileType = wrapper.framework; includeInIndex = 0; path = Pods_Screenotate.framework; sourceTree = BUILT_PRODUCTS_DIR; };
/* End PBXFileReference section */

/* Begin PBXFrameworksBuildPhase section */
		0740360A1B3F71090098A404 /* Frameworks */ = {
			isa = PBXFrameworksBuildPhase;
			buildActionMask = 2147483647;
			files = (
				07C8F4C81B4769EB00922F85 /* MASShortcut.framework in Frameworks */,
				07C8F4C41B4769EB00922F85 /* OAuth2.framework in Frameworks */,
			);
			runOnlyForDeploymentPostprocessing = 0;
		};
		0740361A1B3F71090098A404 /* Frameworks */ = {
			isa = PBXFrameworksBuildPhase;
			buildActionMask = 2147483647;
			files = (
			);
			runOnlyForDeploymentPostprocessing = 0;
		};
/* End PBXFrameworksBuildPhase section */

/* Begin PBXGroup section */
		074036041B3F71090098A404 = {
			isa = PBXGroup;
			children = (
				07C8F4A21B47693600922F85 /* OAuth2.xcodeproj */,
				07C8F4A51B47693600922F85 /* MASShortcut.xcodeproj */,
				0740360F1B3F71090098A404 /* Screenotate */,
				074036201B3F71090098A404 /* ScreenotateTests */,
				0740360E1B3F71090098A404 /* Products */,
				92B1F17A5BFB0B3619D1F2CE /* Frameworks */,
			);
			sourceTree = "<group>";
		};
		0740360E1B3F71090098A404 /* Products */ = {
			isa = PBXGroup;
			children = (
				0740360D1B3F71090098A404 /* Screenotate.app */,
				0740361D1B3F71090098A404 /* ScreenotateTests.xctest */,
			);
			name = Products;
			sourceTree = "<group>";
		};
		0740360F1B3F71090098A404 /* Screenotate */ = {
			isa = PBXGroup;
			children = (
				074036121B3F71090098A404 /* AppDelegate.swift */,
				074036141B3F71090098A404 /* Images.xcassets */,
				074036161B3F71090098A404 /* MainMenu.xib */,
				074036101B3F71090098A404 /* Supporting Files */,
				0740362D1B3F740E0098A404 /* CaptureSelectionWindow.swift */,
				0740362F1B3F7C560098A404 /* CaptureSelectionView.swift */,
				074036311B3F84420098A404 /* CaptureSelectionController.swift */,
				07D2E07C1B3F9C5500D0F9E8 /* Bridging-Header.h */,
				073FC9DC1B40AAFB00EF316D /* CaptureUtilities.swift */,
				071E53D11B47CCF20078A508 /* DropboxLoader.swift */,
				07AC58371B5393E600B1C61E /* MozRepl.swift */,
				07CD336F1B59EA2400C26757 /* Tesseract.swift */,
			);
			path = Screenotate;
			sourceTree = "<group>";
		};
		074036101B3F71090098A404 /* Supporting Files */ = {
			isa = PBXGroup;
			children = (
				075ED2971B5A48DC00B04B51 /* tessdata */,
				07CD33691B59E90D00C26757 /* tesseract */,
				071E53D01B47C1020078A508 /* Keys.h */,
				074036111B3F71090098A404 /* Info.plist */,
			);
			name = "Supporting Files";
			sourceTree = "<group>";
		};
		074036201B3F71090098A404 /* ScreenotateTests */ = {
			isa = PBXGroup;
			children = (
				074036231B3F71090098A404 /* ScreenotateTests.swift */,
				074036211B3F71090098A404 /* Supporting Files */,
			);
			path = ScreenotateTests;
			sourceTree = "<group>";
		};
		074036211B3F71090098A404 /* Supporting Files */ = {
			isa = PBXGroup;
			children = (
				074036221B3F71090098A404 /* Info.plist */,
			);
			name = "Supporting Files";
			sourceTree = "<group>";
		};
		07C8F4A31B47693600922F85 /* Products */ = {
			isa = PBXGroup;
			children = (
				07C8F4B51B47693600922F85 /* OAuth2.framework */,
				07C8F4B71B47693600922F85 /* OAuth2.framework */,
				07C8F4B91B47693600922F85 /* OAuth2Tests.xctest */,
			);
			name = Products;
			sourceTree = "<group>";
		};
		07C8F4A61B47693600922F85 /* Products */ = {
			isa = PBXGroup;
			children = (
				07C8F4AC1B47693600922F85 /* MASShortcut.framework */,
				07C8F4AE1B47693600922F85 /* MASShortcutTests.xctest */,
				07C8F4B01B47693600922F85 /* Demo.app */,
			);
			name = Products;
			sourceTree = "<group>";
		};
		92B1F17A5BFB0B3619D1F2CE /* Frameworks */ = {
			isa = PBXGroup;
			children = (
				E3AE754F54731E1BBABC9482 /* Pods_Screenotate.framework */,
			);
			name = Frameworks;
			sourceTree = "<group>";
		};
/* End PBXGroup section */

/* Begin PBXNativeTarget section */
		0740360C1B3F71090098A404 /* Screenotate */ = {
			isa = PBXNativeTarget;
			buildConfigurationList = 074036271B3F71090098A404 /* Build configuration list for PBXNativeTarget "Screenotate" */;
			buildPhases = (
				074036091B3F71090098A404 /* Sources */,
				0740360A1B3F71090098A404 /* Frameworks */,
				0740360B1B3F71090098A404 /* Resources */,
				07C8F4CC1B4769EB00922F85 /* Embed Frameworks */,
			);
			buildRules = (
			);
			dependencies = (
				07C8F4BD1B47695400922F85 /* PBXTargetDependency */,
				07C8F4BB1B47695100922F85 /* PBXTargetDependency */,
				07C8F4C71B4769EB00922F85 /* PBXTargetDependency */,
				07C8F4CB1B4769EB00922F85 /* PBXTargetDependency */,
			);
			name = Screenotate;
			productName = Screenotate;
			productReference = 0740360D1B3F71090098A404 /* Screenotate.app */;
			productType = "com.apple.product-type.application";
		};
		0740361C1B3F71090098A404 /* ScreenotateTests */ = {
			isa = PBXNativeTarget;
			buildConfigurationList = 0740362A1B3F71090098A404 /* Build configuration list for PBXNativeTarget "ScreenotateTests" */;
			buildPhases = (
				074036191B3F71090098A404 /* Sources */,
				0740361A1B3F71090098A404 /* Frameworks */,
				0740361B1B3F71090098A404 /* Resources */,
			);
			buildRules = (
			);
			dependencies = (
				0740361F1B3F71090098A404 /* PBXTargetDependency */,
			);
			name = ScreenotateTests;
			productName = ScreenotateTests;
			productReference = 0740361D1B3F71090098A404 /* ScreenotateTests.xctest */;
			productType = "com.apple.product-type.bundle.unit-test";
		};
/* End PBXNativeTarget section */

/* Begin PBXProject section */
		074036051B3F71090098A404 /* Project object */ = {
			isa = PBXProject;
			attributes = {
				LastUpgradeCheck = 0630;
				ORGANIZATIONNAME = "Omar Rizwan";
				TargetAttributes = {
					0740360C1B3F71090098A404 = {
						CreatedOnToolsVersion = 6.2;
					};
					0740361C1B3F71090098A404 = {
						CreatedOnToolsVersion = 6.2;
						TestTargetID = 0740360C1B3F71090098A404;
					};
				};
			};
			buildConfigurationList = 074036081B3F71090098A404 /* Build configuration list for PBXProject "Screenotate" */;
			compatibilityVersion = "Xcode 3.2";
			developmentRegion = English;
			hasScannedForEncodings = 0;
			knownRegions = (
				en,
				Base,
			);
			mainGroup = 074036041B3F71090098A404;
			productRefGroup = 0740360E1B3F71090098A404 /* Products */;
			projectDirPath = "";
			projectReferences = (
				{
					ProductGroup = 07C8F4A61B47693600922F85 /* Products */;
					ProjectRef = 07C8F4A51B47693600922F85 /* MASShortcut.xcodeproj */;
				},
				{
					ProductGroup = 07C8F4A31B47693600922F85 /* Products */;
					ProjectRef = 07C8F4A21B47693600922F85 /* OAuth2.xcodeproj */;
				},
			);
			projectRoot = "";
			targets = (
				0740360C1B3F71090098A404 /* Screenotate */,
				0740361C1B3F71090098A404 /* ScreenotateTests */,
			);
		};
/* End PBXProject section */

/* Begin PBXReferenceProxy section */
		07C8F4AC1B47693600922F85 /* MASShortcut.framework */ = {
			isa = PBXReferenceProxy;
			fileType = wrapper.framework;
			path = MASShortcut.framework;
			remoteRef = 07C8F4AB1B47693600922F85 /* PBXContainerItemProxy */;
			sourceTree = BUILT_PRODUCTS_DIR;
		};
		07C8F4AE1B47693600922F85 /* MASShortcutTests.xctest */ = {
			isa = PBXReferenceProxy;
			fileType = wrapper.cfbundle;
			path = MASShortcutTests.xctest;
			remoteRef = 07C8F4AD1B47693600922F85 /* PBXContainerItemProxy */;
			sourceTree = BUILT_PRODUCTS_DIR;
		};
		07C8F4B01B47693600922F85 /* Demo.app */ = {
			isa = PBXReferenceProxy;
			fileType = wrapper.application;
			path = Demo.app;
			remoteRef = 07C8F4AF1B47693600922F85 /* PBXContainerItemProxy */;
			sourceTree = BUILT_PRODUCTS_DIR;
		};
		07C8F4B51B47693600922F85 /* OAuth2.framework */ = {
			isa = PBXReferenceProxy;
			fileType = wrapper.framework;
			path = OAuth2.framework;
			remoteRef = 07C8F4B41B47693600922F85 /* PBXContainerItemProxy */;
			sourceTree = BUILT_PRODUCTS_DIR;
		};
		07C8F4B71B47693600922F85 /* OAuth2.framework */ = {
			isa = PBXReferenceProxy;
			fileType = wrapper.framework;
			path = OAuth2.framework;
			remoteRef = 07C8F4B61B47693600922F85 /* PBXContainerItemProxy */;
			sourceTree = BUILT_PRODUCTS_DIR;
		};
		07C8F4B91B47693600922F85 /* OAuth2Tests.xctest */ = {
			isa = PBXReferenceProxy;
			fileType = wrapper.cfbundle;
			path = OAuth2Tests.xctest;
			remoteRef = 07C8F4B81B47693600922F85 /* PBXContainerItemProxy */;
			sourceTree = BUILT_PRODUCTS_DIR;
		};
/* End PBXReferenceProxy section */

/* Begin PBXResourcesBuildPhase section */
		0740360B1B3F71090098A404 /* Resources */ = {
			isa = PBXResourcesBuildPhase;
			buildActionMask = 2147483647;
			files = (
				074036151B3F71090098A404 /* Images.xcassets in Resources */,
				075ED2981B5A48DC00B04B51 /* tessdata in Resources */,
				074036181B3F71090098A404 /* MainMenu.xib in Resources */,
				07CD336A1B59E90D00C26757 /* tesseract in Resources */,
			);
			runOnlyForDeploymentPostprocessing = 0;
		};
		0740361B1B3F71090098A404 /* Resources */ = {
			isa = PBXResourcesBuildPhase;
			buildActionMask = 2147483647;
			files = (
			);
			runOnlyForDeploymentPostprocessing = 0;
		};
/* End PBXResourcesBuildPhase section */

/* Begin PBXSourcesBuildPhase section */
		074036091B3F71090098A404 /* Sources */ = {
			isa = PBXSourcesBuildPhase;
			buildActionMask = 2147483647;
			files = (
				07CD33701B59EA2400C26757 /* Tesseract.swift in Sources */,
				074036131B3F71090098A404 /* AppDelegate.swift in Sources */,
				074036301B3F7C560098A404 /* CaptureSelectionView.swift in Sources */,
				074036321B3F84420098A404 /* CaptureSelectionController.swift in Sources */,
				0740362E1B3F740E0098A404 /* CaptureSelectionWindow.swift in Sources */,
				07AC58381B5393E600B1C61E /* MozRepl.swift in Sources */,
				071E53D21B47CCF20078A508 /* DropboxLoader.swift in Sources */,
				073FC9DD1B40AAFB00EF316D /* CaptureUtilities.swift in Sources */,
			);
			runOnlyForDeploymentPostprocessing = 0;
		};
		074036191B3F71090098A404 /* Sources */ = {
			isa = PBXSourcesBuildPhase;
			buildActionMask = 2147483647;
			files = (
				074036241B3F71090098A404 /* ScreenotateTests.swift in Sources */,
			);
			runOnlyForDeploymentPostprocessing = 0;
		};
/* End PBXSourcesBuildPhase section */

/* Begin PBXTargetDependency section */
		0740361F1B3F71090098A404 /* PBXTargetDependency */ = {
			isa = PBXTargetDependency;
			target = 0740360C1B3F71090098A404 /* Screenotate */;
			targetProxy = 0740361E1B3F71090098A404 /* PBXContainerItemProxy */;
		};
		07C8F4BB1B47695100922F85 /* PBXTargetDependency */ = {
			isa = PBXTargetDependency;
			name = MASShortcut;
			targetProxy = 07C8F4BA1B47695100922F85 /* PBXContainerItemProxy */;
		};
		07C8F4BD1B47695400922F85 /* PBXTargetDependency */ = {
			isa = PBXTargetDependency;
			name = OAuth2;
			targetProxy = 07C8F4BC1B47695400922F85 /* PBXContainerItemProxy */;
		};
		07C8F4C71B4769EB00922F85 /* PBXTargetDependency */ = {
			isa = PBXTargetDependency;
			name = OAuth2;
			targetProxy = 07C8F4C61B4769EB00922F85 /* PBXContainerItemProxy */;
		};
		07C8F4CB1B4769EB00922F85 /* PBXTargetDependency */ = {
			isa = PBXTargetDependency;
			name = MASShortcut;
			targetProxy = 07C8F4CA1B4769EB00922F85 /* PBXContainerItemProxy */;
		};
/* End PBXTargetDependency section */

/* Begin PBXVariantGroup section */
		074036161B3F71090098A404 /* MainMenu.xib */ = {
			isa = PBXVariantGroup;
			children = (
				074036171B3F71090098A404 /* Base */,
			);
			name = MainMenu.xib;
			sourceTree = "<group>";
		};
/* End PBXVariantGroup section */

/* Begin XCBuildConfiguration section */
		074036251B3F71090098A404 /* Debug */ = {
			isa = XCBuildConfiguration;
			buildSettings = {
				ALWAYS_SEARCH_USER_PATHS = NO;
				CLANG_CXX_LANGUAGE_STANDARD = "gnu++0x";
				CLANG_CXX_LIBRARY = "libc++";
				CLANG_ENABLE_MODULES = YES;
				CLANG_ENABLE_OBJC_ARC = YES;
				CLANG_WARN_BOOL_CONVERSION = YES;
				CLANG_WARN_CONSTANT_CONVERSION = YES;
				CLANG_WARN_DIRECT_OBJC_ISA_USAGE = YES_ERROR;
				CLANG_WARN_EMPTY_BODY = YES;
				CLANG_WARN_ENUM_CONVERSION = YES;
				CLANG_WARN_INT_CONVERSION = YES;
				CLANG_WARN_OBJC_ROOT_CLASS = YES_ERROR;
				CLANG_WARN_UNREACHABLE_CODE = YES;
				CLANG_WARN__DUPLICATE_METHOD_MATCH = YES;
				CODE_SIGN_IDENTITY = "-";
				COPY_PHASE_STRIP = NO;
				ENABLE_STRICT_OBJC_MSGSEND = YES;
				GCC_C_LANGUAGE_STANDARD = gnu99;
				GCC_DYNAMIC_NO_PIC = NO;
				GCC_OPTIMIZATION_LEVEL = 0;
				GCC_PREPROCESSOR_DEFINITIONS = (
					"DEBUG=1",
					"$(inherited)",
				);
				GCC_SYMBOLS_PRIVATE_EXTERN = NO;
				GCC_WARN_64_TO_32_BIT_CONVERSION = YES;
				GCC_WARN_ABOUT_RETURN_TYPE = YES_ERROR;
				GCC_WARN_UNDECLARED_SELECTOR = YES;
				GCC_WARN_UNINITIALIZED_AUTOS = YES_AGGRESSIVE;
				GCC_WARN_UNUSED_FUNCTION = YES;
				GCC_WARN_UNUSED_VARIABLE = YES;
				MACOSX_DEPLOYMENT_TARGET = 10.9;
				MTL_ENABLE_DEBUG_INFO = YES;
				ONLY_ACTIVE_ARCH = YES;
				SDKROOT = macosx;
				SWIFT_OPTIMIZATION_LEVEL = "-Onone";
			};
			name = Debug;
		};
		074036261B3F71090098A404 /* Release */ = {
			isa = XCBuildConfiguration;
			buildSettings = {
				ALWAYS_SEARCH_USER_PATHS = NO;
				CLANG_CXX_LANGUAGE_STANDARD = "gnu++0x";
				CLANG_CXX_LIBRARY = "libc++";
				CLANG_ENABLE_MODULES = YES;
				CLANG_ENABLE_OBJC_ARC = YES;
				CLANG_WARN_BOOL_CONVERSION = YES;
				CLANG_WARN_CONSTANT_CONVERSION = YES;
				CLANG_WARN_DIRECT_OBJC_ISA_USAGE = YES_ERROR;
				CLANG_WARN_EMPTY_BODY = YES;
				CLANG_WARN_ENUM_CONVERSION = YES;
				CLANG_WARN_INT_CONVERSION = YES;
				CLANG_WARN_OBJC_ROOT_CLASS = YES_ERROR;
				CLANG_WARN_UNREACHABLE_CODE = YES;
				CLANG_WARN__DUPLICATE_METHOD_MATCH = YES;
				CODE_SIGN_IDENTITY = "-";
				COPY_PHASE_STRIP = NO;
				DEBUG_INFORMATION_FORMAT = "dwarf-with-dsym";
				ENABLE_NS_ASSERTIONS = NO;
				ENABLE_STRICT_OBJC_MSGSEND = YES;
				GCC_C_LANGUAGE_STANDARD = gnu99;
				GCC_WARN_64_TO_32_BIT_CONVERSION = YES;
				GCC_WARN_ABOUT_RETURN_TYPE = YES_ERROR;
				GCC_WARN_UNDECLARED_SELECTOR = YES;
				GCC_WARN_UNINITIALIZED_AUTOS = YES_AGGRESSIVE;
				GCC_WARN_UNUSED_FUNCTION = YES;
				GCC_WARN_UNUSED_VARIABLE = YES;
				MACOSX_DEPLOYMENT_TARGET = 10.9;
				MTL_ENABLE_DEBUG_INFO = NO;
				SDKROOT = macosx;
			};
			name = Release;
		};
		074036281B3F71090098A404 /* Debug */ = {
			isa = XCBuildConfiguration;
			buildSettings = {
				ASSETCATALOG_COMPILER_APPICON_NAME = AppIcon;
				COMBINE_HIDPI_IMAGES = YES;
				FRAMEWORK_SEARCH_PATHS = "$(PROJECT_ROOT)";
				HEADER_SEARCH_PATHS = (
					"$(inherited)",
					/Applications/Xcode.app/Contents/Developer/Toolchains/XcodeDefault.xctoolchain/usr/include,
					"$(SRCROOT)/MASShortcut/Framework",
				);
				INFOPLIST_FILE = Screenotate/Info.plist;
				INFOPLIST_PREFIX_HEADER = Screenotate/Keys.h;
				INFOPLIST_PREPROCESS = YES;
				INFOPLIST_PREPROCESSOR_DEFINITIONS = "";
				LD_RUNPATH_SEARCH_PATHS = "$(inherited) @executable_path/../Frameworks";
				PRODUCT_NAME = "$(TARGET_NAME)";
				SDKROOT = macosx;
				SWIFT_OBJC_BRIDGING_HEADER = "Screenotate/Bridging-Header.h";
				USER_HEADER_SEARCH_PATHS = "";
			};
			name = Debug;
		};
		074036291B3F71090098A404 /* Release */ = {
			isa = XCBuildConfiguration;
			buildSettings = {
				ASSETCATALOG_COMPILER_APPICON_NAME = AppIcon;
				COMBINE_HIDPI_IMAGES = YES;
				FRAMEWORK_SEARCH_PATHS = "$(PROJECT_ROOT)";
				HEADER_SEARCH_PATHS = (
					"$(inherited)",
					/Applications/Xcode.app/Contents/Developer/Toolchains/XcodeDefault.xctoolchain/usr/include,
					"$(SRCROOT)/MASShortcut/Framework",
				);
				INFOPLIST_FILE = Screenotate/Info.plist;
				INFOPLIST_PREFIX_HEADER = Screenotate/Keys.h;
				INFOPLIST_PREPROCESS = YES;
				INFOPLIST_PREPROCESSOR_DEFINITIONS = "";
				LD_RUNPATH_SEARCH_PATHS = "$(inherited) @executable_path/../Frameworks";
				PRODUCT_NAME = "$(TARGET_NAME)";
				SDKROOT = macosx;
				SWIFT_OBJC_BRIDGING_HEADER = "Screenotate/Bridging-Header.h";
				USER_HEADER_SEARCH_PATHS = "";
			};
			name = Release;
		};
		0740362B1B3F71090098A404 /* Debug */ = {
			isa = XCBuildConfiguration;
			buildSettings = {
				BUNDLE_LOADER = "$(TEST_HOST)";
				COMBINE_HIDPI_IMAGES = YES;
				FRAMEWORK_SEARCH_PATHS = (
					"$(DEVELOPER_FRAMEWORKS_DIR)",
					"$(inherited)",
				);
				GCC_PREPROCESSOR_DEFINITIONS = (
					"DEBUG=1",
					"$(inherited)",
				);
				INFOPLIST_FILE = ScreenotateTests/Info.plist;
				LD_RUNPATH_SEARCH_PATHS = "$(inherited) @executable_path/../Frameworks @loader_path/../Frameworks";
				PRODUCT_NAME = "$(TARGET_NAME)";
				TEST_HOST = "$(BUILT_PRODUCTS_DIR)/Screenotate.app/Contents/MacOS/Screenotate";
			};
			name = Debug;
		};
		0740362C1B3F71090098A404 /* Release */ = {
			isa = XCBuildConfiguration;
			buildSettings = {
				BUNDLE_LOADER = "$(TEST_HOST)";
				COMBINE_HIDPI_IMAGES = YES;
				FRAMEWORK_SEARCH_PATHS = (
					"$(DEVELOPER_FRAMEWORKS_DIR)",
					"$(inherited)",
				);
				INFOPLIST_FILE = ScreenotateTests/Info.plist;
				LD_RUNPATH_SEARCH_PATHS = "$(inherited) @executable_path/../Frameworks @loader_path/../Frameworks";
				PRODUCT_NAME = "$(TARGET_NAME)";
				TEST_HOST = "$(BUILT_PRODUCTS_DIR)/Screenotate.app/Contents/MacOS/Screenotate";
			};
			name = Release;
		};
/* End XCBuildConfiguration section */

/* Begin XCConfigurationList section */
		074036081B3F71090098A404 /* Build configuration list for PBXProject "Screenotate" */ = {
			isa = XCConfigurationList;
			buildConfigurations = (
				074036251B3F71090098A404 /* Debug */,
				074036261B3F71090098A404 /* Release */,
			);
			defaultConfigurationIsVisible = 0;
			defaultConfigurationName = Release;
		};
		074036271B3F71090098A404 /* Build configuration list for PBXNativeTarget "Screenotate" */ = {
			isa = XCConfigurationList;
			buildConfigurations = (
				074036281B3F71090098A404 /* Debug */,
				074036291B3F71090098A404 /* Release */,
			);
			defaultConfigurationIsVisible = 0;
			defaultConfigurationName = Release;
		};
		0740362A1B3F71090098A404 /* Build configuration list for PBXNativeTarget "ScreenotateTests" */ = {
			isa = XCConfigurationList;
			buildConfigurations = (
				0740362B1B3F71090098A404 /* Debug */,
				0740362C1B3F71090098A404 /* Release */,
			);
			defaultConfigurationIsVisible = 0;
			defaultConfigurationName = Release;
		};
/* End XCConfigurationList section */
	};
	rootObject = 074036051B3F71090098A404 /* Project object */;
}
